// !$*UTF8*$!
{
	archiveVersion = 1;
	classes = {
	};
	objectVersion = 50;
	objects = {

/* Begin PBXBuildFile section */
		769A1C2224CC6A9400F0DB5D /* SurveyKit.framework in Frameworks */ = {isa = PBXBuildFile; fileRef = 769A1C1824CC6A9400F0DB5D /* SurveyKit.framework */; };
		769A1C2724CC6A9400F0DB5D /* SurveyKitTests.swift in Sources */ = {isa = PBXBuildFile; fileRef = 769A1C2624CC6A9400F0DB5D /* SurveyKitTests.swift */; };
		769A1C2924CC6A9400F0DB5D /* SurveyKit.h in Headers */ = {isa = PBXBuildFile; fileRef = 769A1C1B24CC6A9400F0DB5D /* SurveyKit.h */; settings = {ATTRIBUTES = (Public, ); }; };
/* End PBXBuildFile section */

/* Begin PBXContainerItemProxy section */
		769A1C2324CC6A9400F0DB5D /* PBXContainerItemProxy */ = {
			isa = PBXContainerItemProxy;
			containerPortal = 769A1C0F24CC6A9400F0DB5D /* Project object */;
			proxyType = 1;
			remoteGlobalIDString = 769A1C1724CC6A9400F0DB5D;
			remoteInfo = SurveyKit;
		};
/* End PBXContainerItemProxy section */

/* Begin PBXFileReference section */
		769A1C1824CC6A9400F0DB5D /* SurveyKit.framework */ = {isa = PBXFileReference; explicitFileType = wrapper.framework; includeInIndex = 0; path = SurveyKit.framework; sourceTree = BUILT_PRODUCTS_DIR; };
		769A1C1B24CC6A9400F0DB5D /* SurveyKit.h */ = {isa = PBXFileReference; lastKnownFileType = sourcecode.c.h; path = SurveyKit.h; sourceTree = "<group>"; };
		769A1C1C24CC6A9400F0DB5D /* Info.plist */ = {isa = PBXFileReference; lastKnownFileType = text.plist.xml; path = Info.plist; sourceTree = "<group>"; };
		769A1C2124CC6A9400F0DB5D /* SurveyKitTests.xctest */ = {isa = PBXFileReference; explicitFileType = wrapper.cfbundle; includeInIndex = 0; path = SurveyKitTests.xctest; sourceTree = BUILT_PRODUCTS_DIR; };
		769A1C2624CC6A9400F0DB5D /* SurveyKitTests.swift */ = {isa = PBXFileReference; lastKnownFileType = sourcecode.swift; path = SurveyKitTests.swift; sourceTree = "<group>"; };
		769A1C2824CC6A9400F0DB5D /* Info.plist */ = {isa = PBXFileReference; lastKnownFileType = text.plist.xml; path = Info.plist; sourceTree = "<group>"; };
/* End PBXFileReference section */

/* Begin PBXFrameworksBuildPhase section */
		769A1C1524CC6A9400F0DB5D /* Frameworks */ = {
			isa = PBXFrameworksBuildPhase;
			buildActionMask = 2147483647;
			files = (
			);
			runOnlyForDeploymentPostprocessing = 0;
		};
		769A1C1E24CC6A9400F0DB5D /* Frameworks */ = {
			isa = PBXFrameworksBuildPhase;
			buildActionMask = 2147483647;
			files = (
				769A1C2224CC6A9400F0DB5D /* SurveyKit.framework in Frameworks */,
			);
			runOnlyForDeploymentPostprocessing = 0;
		};
/* End PBXFrameworksBuildPhase section */

/* Begin PBXGroup section */
		769A1C0E24CC6A9400F0DB5D = {
			isa = PBXGroup;
			children = (
				769A1C1A24CC6A9400F0DB5D /* SurveyKit */,
				769A1C2524CC6A9400F0DB5D /* SurveyKitTests */,
				769A1C1924CC6A9400F0DB5D /* Products */,
			);
			sourceTree = "<group>";
		};
		769A1C1924CC6A9400F0DB5D /* Products */ = {
			isa = PBXGroup;
			children = (
				769A1C1824CC6A9400F0DB5D /* SurveyKit.framework */,
				769A1C2124CC6A9400F0DB5D /* SurveyKitTests.xctest */,
			);
			name = Products;
			sourceTree = "<group>";
		};
		769A1C1A24CC6A9400F0DB5D /* SurveyKit */ = {
			isa = PBXGroup;
			children = (
				769A1C1B24CC6A9400F0DB5D /* SurveyKit.h */,
				769A1C1C24CC6A9400F0DB5D /* Info.plist */,
			);
			path = SurveyKit;
			sourceTree = "<group>";
		};
		769A1C2524CC6A9400F0DB5D /* SurveyKitTests */ = {
			isa = PBXGroup;
			children = (
				769A1C2624CC6A9400F0DB5D /* SurveyKitTests.swift */,
				769A1C2824CC6A9400F0DB5D /* Info.plist */,
			);
			path = SurveyKitTests;
			sourceTree = "<group>";
		};
/* End PBXGroup section */

/* Begin PBXHeadersBuildPhase section */
		769A1C1324CC6A9400F0DB5D /* Headers */ = {
			isa = PBXHeadersBuildPhase;
			buildActionMask = 2147483647;
			files = (
				769A1C2924CC6A9400F0DB5D /* SurveyKit.h in Headers */,
			);
			runOnlyForDeploymentPostprocessing = 0;
		};
/* End PBXHeadersBuildPhase section */

/* Begin PBXNativeTarget section */
		769A1C1724CC6A9400F0DB5D /* SurveyKit */ = {
			isa = PBXNativeTarget;
			buildConfigurationList = 769A1C2C24CC6A9400F0DB5D /* Build configuration list for PBXNativeTarget "SurveyKit" */;
			buildPhases = (
				769A1C1324CC6A9400F0DB5D /* Headers */,
				769A1C1424CC6A9400F0DB5D /* Sources */,
				769A1C1524CC6A9400F0DB5D /* Frameworks */,
				769A1C1624CC6A9400F0DB5D /* Resources */,
			);
			buildRules = (
			);
			dependencies = (
			);
			name = SurveyKit;
			productName = SurveyKit;
			productReference = 769A1C1824CC6A9400F0DB5D /* SurveyKit.framework */;
			productType = "com.apple.product-type.framework";
		};
		769A1C2024CC6A9400F0DB5D /* SurveyKitTests */ = {
			isa = PBXNativeTarget;
			buildConfigurationList = 769A1C2F24CC6A9400F0DB5D /* Build configuration list for PBXNativeTarget "SurveyKitTests" */;
			buildPhases = (
				769A1C1D24CC6A9400F0DB5D /* Sources */,
				769A1C1E24CC6A9400F0DB5D /* Frameworks */,
				769A1C1F24CC6A9400F0DB5D /* Resources */,
			);
			buildRules = (
			);
			dependencies = (
				769A1C2424CC6A9400F0DB5D /* PBXTargetDependency */,
			);
			name = SurveyKitTests;
			productName = SurveyKitTests;
			productReference = 769A1C2124CC6A9400F0DB5D /* SurveyKitTests.xctest */;
			productType = "com.apple.product-type.bundle.unit-test";
		};
/* End PBXNativeTarget section */

/* Begin PBXProject section */
		769A1C0F24CC6A9400F0DB5D /* Project object */ = {
			isa = PBXProject;
			attributes = {
				LastSwiftUpdateCheck = 1160;
				LastUpgradeCheck = 1160;
				ORGANIZATIONNAME = "Yui-Wroks";
				TargetAttributes = {
					769A1C1724CC6A9400F0DB5D = {
						CreatedOnToolsVersion = 11.6;
					};
					769A1C2024CC6A9400F0DB5D = {
						CreatedOnToolsVersion = 11.6;
					};
				};
			};
			buildConfigurationList = 769A1C1224CC6A9400F0DB5D /* Build configuration list for PBXProject "SurveyKit" */;
			compatibilityVersion = "Xcode 9.3";
			developmentRegion = en;
			hasScannedForEncodings = 0;
			knownRegions = (
				en,
				Base,
			);
			mainGroup = 769A1C0E24CC6A9400F0DB5D;
			productRefGroup = 769A1C1924CC6A9400F0DB5D /* Products */;
			projectDirPath = "";
			projectRoot = "";
			targets = (
				769A1C1724CC6A9400F0DB5D /* SurveyKit */,
				769A1C2024CC6A9400F0DB5D /* SurveyKitTests */,
			);
		};
/* End PBXProject section */

/* Begin PBXResourcesBuildPhase section */
		769A1C1624CC6A9400F0DB5D /* Resources */ = {
			isa = PBXResourcesBuildPhase;
			buildActionMask = 2147483647;
			files = (
			);
			runOnlyForDeploymentPostprocessing = 0;
		};
		769A1C1F24CC6A9400F0DB5D /* Resources */ = {
			isa = PBXResourcesBuildPhase;
			buildActionMask = 2147483647;
			files = (
			);
			runOnlyForDeploymentPostprocessing = 0;
		};
/* End PBXResourcesBuildPhase section */

/* Begin PBXSourcesBuildPhase section */
		769A1C1424CC6A9400F0DB5D /* Sources */ = {
			isa = PBXSourcesBuildPhase;
			buildActionMask = 2147483647;
			files = (
			);
			runOnlyForDeploymentPostprocessing = 0;
		};
		769A1C1D24CC6A9400F0DB5D /* Sources */ = {
			isa = PBXSourcesBuildPhase;
			buildActionMask = 2147483647;
			files = (
				769A1C2724CC6A9400F0DB5D /* SurveyKitTests.swift in Sources */,
			);
			runOnlyForDeploymentPostprocessing = 0;
		};
/* End PBXSourcesBuildPhase section */

/* Begin PBXTargetDependency section */
		769A1C2424CC6A9400F0DB5D /* PBXTargetDependency */ = {
			isa = PBXTargetDependency;
			target = 769A1C1724CC6A9400F0DB5D /* SurveyKit */;
			targetProxy = 769A1C2324CC6A9400F0DB5D /* PBXContainerItemProxy */;
		};
/* End PBXTargetDependency section */

/* Begin XCBuildConfiguration section */
		769A1C2A24CC6A9400F0DB5D /* Debug */ = {
			isa = XCBuildConfiguration;
			buildSettings = {
				ALWAYS_SEARCH_USER_PATHS = NO;
				CLANG_ANALYZER_NONNULL = YES;
				CLANG_ANALYZER_NUMBER_OBJECT_CONVERSION = YES_AGGRESSIVE;
				CLANG_CXX_LANGUAGE_STANDARD = "gnu++14";
				CLANG_CXX_LIBRARY = "libc++";
				CLANG_ENABLE_MODULES = YES;
				CLANG_ENABLE_OBJC_ARC = YES;
				CLANG_ENABLE_OBJC_WEAK = YES;
				CLANG_WARN_BLOCK_CAPTURE_AUTORELEASING = YES;
				CLANG_WARN_BOOL_CONVERSION = YES;
				CLANG_WARN_COMMA = YES;
				CLANG_WARN_CONSTANT_CONVERSION = YES;
				CLANG_WARN_DEPRECATED_OBJC_IMPLEMENTATIONS = YES;
				CLANG_WARN_DIRECT_OBJC_ISA_USAGE = YES_ERROR;
				CLANG_WARN_DOCUMENTATION_COMMENTS = YES;
				CLANG_WARN_EMPTY_BODY = YES;
				CLANG_WARN_ENUM_CONVERSION = YES;
				CLANG_WARN_INFINITE_RECURSION = YES;
				CLANG_WARN_INT_CONVERSION = YES;
				CLANG_WARN_NON_LITERAL_NULL_CONVERSION = YES;
				CLANG_WARN_OBJC_IMPLICIT_RETAIN_SELF = YES;
				CLANG_WARN_OBJC_LITERAL_CONVERSION = YES;
				CLANG_WARN_OBJC_ROOT_CLASS = YES_ERROR;
				CLANG_WARN_RANGE_LOOP_ANALYSIS = YES;
				CLANG_WARN_STRICT_PROTOTYPES = YES;
				CLANG_WARN_SUSPICIOUS_MOVE = YES;
				CLANG_WARN_UNGUARDED_AVAILABILITY = YES_AGGRESSIVE;
				CLANG_WARN_UNREACHABLE_CODE = YES;
				CLANG_WARN__DUPLICATE_METHOD_MATCH = YES;
				COPY_PHASE_STRIP = NO;
				CURRENT_PROJECT_VERSION = 1;
				DEBUG_INFORMATION_FORMAT = dwarf;
				ENABLE_STRICT_OBJC_MSGSEND = YES;
				ENABLE_TESTABILITY = YES;
				GCC_C_LANGUAGE_STANDARD = gnu11;
				GCC_DYNAMIC_NO_PIC = NO;
				GCC_NO_COMMON_BLOCKS = YES;
				GCC_OPTIMIZATION_LEVEL = 0;
				GCC_PREPROCESSOR_DEFINITIONS = (
					"DEBUG=1",
					"$(inherited)",
				);
				GCC_WARN_64_TO_32_BIT_CONVERSION = YES;
				GCC_WARN_ABOUT_RETURN_TYPE = YES_ERROR;
				GCC_WARN_UNDECLARED_SELECTOR = YES;
				GCC_WARN_UNINITIALIZED_AUTOS = YES_AGGRESSIVE;
				GCC_WARN_UNUSED_FUNCTION = YES;
				GCC_WARN_UNUSED_VARIABLE = YES;
				IPHONEOS_DEPLOYMENT_TARGET = 13.6;
				MTL_ENABLE_DEBUG_INFO = INCLUDE_SOURCE;
				MTL_FAST_MATH = YES;
				ONLY_ACTIVE_ARCH = YES;
				SDKROOT = iphoneos;
				SWIFT_ACTIVE_COMPILATION_CONDITIONS = DEBUG;
				SWIFT_OPTIMIZATION_LEVEL = "-Onone";
				VERSIONING_SYSTEM = "apple-generic";
				VERSION_INFO_PREFIX = "";
			};
			name = Debug;
		};
		769A1C2B24CC6A9400F0DB5D /* Release */ = {
			isa = XCBuildConfiguration;
			buildSettings = {
				ALWAYS_SEARCH_USER_PATHS = NO;
				CLANG_ANALYZER_NONNULL = YES;
				CLANG_ANALYZER_NUMBER_OBJECT_CONVERSION = YES_AGGRESSIVE;
				CLANG_CXX_LANGUAGE_STANDARD = "gnu++14";
				CLANG_CXX_LIBRARY = "libc++";
				CLANG_ENABLE_MODULES = YES;
				CLANG_ENABLE_OBJC_ARC = YES;
				CLANG_ENABLE_OBJC_WEAK = YES;
				CLANG_WARN_BLOCK_CAPTURE_AUTORELEASING = YES;
				CLANG_WARN_BOOL_CONVERSION = YES;
				CLANG_WARN_COMMA = YES;
				CLANG_WARN_CONSTANT_CONVERSION = YES;
				CLANG_WARN_DEPRECATED_OBJC_IMPLEMENTATIONS = YES;
				CLANG_WARN_DIRECT_OBJC_ISA_USAGE = YES_ERROR;
				CLANG_WARN_DOCUMENTATION_COMMENTS = YES;
				CLANG_WARN_EMPTY_BODY = YES;
				CLANG_WARN_ENUM_CONVERSION = YES;
				CLANG_WARN_INFINITE_RECURSION = YES;
				CLANG_WARN_INT_CONVERSION = YES;
				CLANG_WARN_NON_LITERAL_NULL_CONVERSION = YES;
				CLANG_WARN_OBJC_IMPLICIT_RETAIN_SELF = YES;
				CLANG_WARN_OBJC_LITERAL_CONVERSION = YES;
				CLANG_WARN_OBJC_ROOT_CLASS = YES_ERROR;
				CLANG_WARN_RANGE_LOOP_ANALYSIS = YES;
				CLANG_WARN_STRICT_PROTOTYPES = YES;
				CLANG_WARN_SUSPICIOUS_MOVE = YES;
				CLANG_WARN_UNGUARDED_AVAILABILITY = YES_AGGRESSIVE;
				CLANG_WARN_UNREACHABLE_CODE = YES;
				CLANG_WARN__DUPLICATE_METHOD_MATCH = YES;
				COPY_PHASE_STRIP = NO;
				CURRENT_PROJECT_VERSION = 1;
				DEBUG_INFORMATION_FORMAT = "dwarf-with-dsym";
				ENABLE_NS_ASSERTIONS = NO;
				ENABLE_STRICT_OBJC_MSGSEND = YES;
				GCC_C_LANGUAGE_STANDARD = gnu11;
				GCC_NO_COMMON_BLOCKS = YES;
				GCC_WARN_64_TO_32_BIT_CONVERSION = YES;
				GCC_WARN_ABOUT_RETURN_TYPE = YES_ERROR;
				GCC_WARN_UNDECLARED_SELECTOR = YES;
				GCC_WARN_UNINITIALIZED_AUTOS = YES_AGGRESSIVE;
				GCC_WARN_UNUSED_FUNCTION = YES;
				GCC_WARN_UNUSED_VARIABLE = YES;
				IPHONEOS_DEPLOYMENT_TARGET = 13.6;
				MTL_ENABLE_DEBUG_INFO = NO;
				MTL_FAST_MATH = YES;
				SDKROOT = iphoneos;
				SWIFT_COMPILATION_MODE = wholemodule;
				SWIFT_OPTIMIZATION_LEVEL = "-O";
				VALIDATE_PRODUCT = YES;
				VERSIONING_SYSTEM = "apple-generic";
				VERSION_INFO_PREFIX = "";
			};
			name = Release;
		};
		769A1C2D24CC6A9400F0DB5D /* Debug */ = {
			isa = XCBuildConfiguration;
			buildSettings = {
				CODE_SIGN_STYLE = Automatic;
				DEFINES_MODULE = YES;
				DEVELOPMENT_TEAM = 82KELD7445;
				DYLIB_COMPATIBILITY_VERSION = 1;
				DYLIB_CURRENT_VERSION = 1;
				DYLIB_INSTALL_NAME_BASE = "@rpath";
				INFOPLIST_FILE = SurveyKit/Info.plist;
				INSTALL_PATH = "$(LOCAL_LIBRARY_DIR)/Frameworks";
				LD_RUNPATH_SEARCH_PATHS = (
					"$(inherited)",
					"@executable_path/Frameworks",
					"@loader_path/Frameworks",
				);
				PRODUCT_BUNDLE_IDENTIFIER = "jp.yui-works.SurveyKit";
				PRODUCT_NAME = "$(TARGET_NAME:c99extidentifier)";
				SKIP_INSTALL = YES;
				SWIFT_VERSION = 5.0;
				TARGETED_DEVICE_FAMILY = "1,2";
			};
			name = Debug;
		};
		769A1C2E24CC6A9400F0DB5D /* Release */ = {
			isa = XCBuildConfiguration;
			buildSettings = {
				CODE_SIGN_STYLE = Automatic;
				DEFINES_MODULE = YES;
				DEVELOPMENT_TEAM = 82KELD7445;
				DYLIB_COMPATIBILITY_VERSION = 1;
				DYLIB_CURRENT_VERSION = 1;
				DYLIB_INSTALL_NAME_BASE = "@rpath";
				INFOPLIST_FILE = SurveyKit/Info.plist;
				INSTALL_PATH = "$(LOCAL_LIBRARY_DIR)/Frameworks";
				LD_RUNPATH_SEARCH_PATHS = (
					"$(inherited)",
					"@executable_path/Frameworks",
					"@loader_path/Frameworks",
				);
				PRODUCT_BUNDLE_IDENTIFIER = "jp.yui-works.SurveyKit";
				PRODUCT_NAME = "$(TARGET_NAME:c99extidentifier)";
				SKIP_INSTALL = YES;
				SWIFT_VERSION = 5.0;
				TARGETED_DEVICE_FAMILY = "1,2";
			};
			name = Release;
		};
		769A1C3024CC6A9400F0DB5D /* Debug */ = {
			isa = XCBuildConfiguration;
			buildSettings = {
				CODE_SIGN_STYLE = Automatic;
				DEVELOPMENT_TEAM = 82KELD7445;
				INFOPLIST_FILE = SurveyKitTests/Info.plist;
				LD_RUNPATH_SEARCH_PATHS = (
					"$(inherited)",
					"@executable_path/Frameworks",
					"@loader_path/Frameworks",
				);
				PRODUCT_BUNDLE_IDENTIFIER = "jp.yui-works.SurveyKitTests";
				PRODUCT_NAME = "$(TARGET_NAME)";
				SWIFT_VERSION = 5.0;
				TARGETED_DEVICE_FAMILY = "1,2";
			};
			name = Debug;
		};
		769A1C3124CC6A9400F0DB5D /* Release */ = {
			isa = XCBuildConfiguration;
			buildSettings = {
				CODE_SIGN_STYLE = Automatic;
				DEVELOPMENT_TEAM = 82KELD7445;
				INFOPLIST_FILE = SurveyKitTests/Info.plist;
				LD_RUNPATH_SEARCH_PATHS = (
					"$(inherited)",
					"@executable_path/Frameworks",
					"@loader_path/Frameworks",
				);
				PRODUCT_BUNDLE_IDENTIFIER = "jp.yui-works.SurveyKitTests";
				PRODUCT_NAME = "$(TARGET_NAME)";
				SWIFT_VERSION = 5.0;
				TARGETED_DEVICE_FAMILY = "1,2";
			};
			name = Release;
		};
/* End XCBuildConfiguration section */

/* Begin XCConfigurationList section */
		769A1C1224CC6A9400F0DB5D /* Build configuration list for PBXProject "SurveyKit" */ = {
			isa = XCConfigurationList;
			buildConfigurations = (
				769A1C2A24CC6A9400F0DB5D /* Debug */,
				769A1C2B24CC6A9400F0DB5D /* Release */,
			);
			defaultConfigurationIsVisible = 0;
			defaultConfigurationName = Release;
		};
		769A1C2C24CC6A9400F0DB5D /* Build configuration list for PBXNativeTarget "SurveyKit" */ = {
			isa = XCConfigurationList;
			buildConfigurations = (
				769A1C2D24CC6A9400F0DB5D /* Debug */,
				769A1C2E24CC6A9400F0DB5D /* Release */,
			);
			defaultConfigurationIsVisible = 0;
			defaultConfigurationName = Release;
		};
		769A1C2F24CC6A9400F0DB5D /* Build configuration list for PBXNativeTarget "SurveyKitTests" */ = {
			isa = XCConfigurationList;
			buildConfigurations = (
				769A1C3024CC6A9400F0DB5D /* Debug */,
				769A1C3124CC6A9400F0DB5D /* Release */,
			);
			defaultConfigurationIsVisible = 0;
			defaultConfigurationName = Release;
		};
/* End XCConfigurationList section */
	};
	rootObject = 769A1C0F24CC6A9400F0DB5D /* Project object */;
}
